
Microsoft Visual Studio Solution File, Format Version 12.00
# Visual Studio Version 16
VisualStudioVersion = 16.0.30104.148
MinimumVisualStudioVersion = 10.0.40219.1
Project("{FAE04EC0-301F-11D3-BF4B-00C04F79EFBC}") = "ConsoleEncryptDecrypt", "ConsoleEncryptDecrypt\ConsoleEncryptDecrypt.csproj", "{5879E704-3BA9-466E-8AF1-FE3A92190DAA}"
EndProject
Global
	GlobalSection(SolutionConfigurationPlatforms) = preSolution
		Debug|Any CPU = Debug|Any CPU
		Release|Any CPU = Release|Any CPU
	EndGlobalSection
	GlobalSection(ProjectConfigurationPlatforms) = postSolution
		{5879E704-3BA9-466E-8AF1-FE3A92190DAA}.Debug|Any CPU.ActiveCfg = Debug|Any CPU
		{5879E704-3BA9-466E-8AF1-FE3A92190DAA}.Debug|Any CPU.Build.0 = Debug|Any CPU
		{5879E704-3BA9-466E-8AF1-FE3A92190DAA}.Release|Any CPU.ActiveCfg = Release|Any CPU
		{5879E704-3BA9-466E-8AF1-FE3A92190DAA}.Release|Any CPU.Build.0 = Release|Any CPU
	EndGlobalSection
	GlobalSection(SolutionProperties) = preSolution
		HideSolutionNode = FALSE
	EndGlobalSection
	GlobalSection(ExtensibilityGlobals) = postSolution
		SolutionGuid = {4D8FC2CC-E0B4-42F0-94EA-F1B82A9FCB88}
	EndGlobalSection
EndGlobal
